// !$*UTF8*$!
{
	archiveVersion = 1;
	classes = {
	};
	objectVersion = 46;
	objects = {

/* Begin PBXBuildFile section */
		B016685C1E54FD7A00B95711 /* PocketSVG.framework in Frameworks */ = {isa = PBXBuildFile; fileRef = B016685B1E54FD7A00B95711 /* PocketSVG.framework */; };
		B08877AB1DCB722E00741FAC /* main.swift in Sources */ = {isa = PBXBuildFile; fileRef = B08877AA1DCB722E00741FAC /* main.swift */; };
/* End PBXBuildFile section */

/* Begin PBXCopyFilesBuildPhase section */
		B08877A51DCB722E00741FAC /* CopyFiles */ = {
			isa = PBXCopyFilesBuildPhase;
			buildActionMask = 2147483647;
			dstPath = /usr/share/man/man1/;
			dstSubfolderSpec = 0;
			files = (
			);
			runOnlyForDeploymentPostprocessing = 1;
		};
/* End PBXCopyFilesBuildPhase section */

/* Begin PBXFileReference section */
		B016685B1E54FD7A00B95711 /* PocketSVG.framework */ = {isa = PBXFileReference; lastKnownFileType = wrapper.framework; name = PocketSVG.framework; path = "Dependencies/PocketSVG/build/Debug-iphoneos/PocketSVG.framework"; sourceTree = "<group>"; };
		B08877A71DCB722E00741FAC /* SvgToCoreGraphics */ = {isa = PBXFileReference; explicitFileType = "compiled.mach-o.executable"; includeInIndex = 0; path = SvgToCoreGraphics; sourceTree = BUILT_PRODUCTS_DIR; };
		B08877AA1DCB722E00741FAC /* main.swift */ = {isa = PBXFileReference; lastKnownFileType = sourcecode.swift; path = main.swift; sourceTree = "<group>"; };
/* End PBXFileReference section */

/* Begin PBXFrameworksBuildPhase section */
		B08877A41DCB722E00741FAC /* Frameworks */ = {
			isa = PBXFrameworksBuildPhase;
			buildActionMask = 2147483647;
			files = (
				B016685C1E54FD7A00B95711 /* PocketSVG.framework in Frameworks */,
			);
			runOnlyForDeploymentPostprocessing = 0;
		};
/* End PBXFrameworksBuildPhase section */

/* Begin PBXGroup section */
		B088779E1DCB722E00741FAC = {
			isa = PBXGroup;
			children = (
				B08877A91DCB722E00741FAC /* SvgToCoreGraphics */,
				B08877A81DCB722E00741FAC /* Products */,
				B08877B11DCB742C00741FAC /* Frameworks */,
			);
			sourceTree = "<group>";
		};
		B08877A81DCB722E00741FAC /* Products */ = {
			isa = PBXGroup;
			children = (
				B08877A71DCB722E00741FAC /* SvgToCoreGraphics */,
			);
			name = Products;
			sourceTree = "<group>";
		};
		B08877A91DCB722E00741FAC /* SvgToCoreGraphics */ = {
			isa = PBXGroup;
			children = (
				B08877AA1DCB722E00741FAC /* main.swift */,
			);
			path = SvgToCoreGraphics;
			sourceTree = "<group>";
		};
		B08877B11DCB742C00741FAC /* Frameworks */ = {
			isa = PBXGroup;
			children = (
				B016685B1E54FD7A00B95711 /* PocketSVG.framework */,
			);
			name = Frameworks;
			sourceTree = "<group>";
		};
/* End PBXGroup section */

/* Begin PBXNativeTarget section */
		B08877A61DCB722E00741FAC /* SvgToCoreGraphics */ = {
			isa = PBXNativeTarget;
			buildConfigurationList = B08877AE1DCB722E00741FAC /* Build configuration list for PBXNativeTarget "SvgToCoreGraphics" */;
			buildPhases = (
				B08877A31DCB722E00741FAC /* Sources */,
				B08877A41DCB722E00741FAC /* Frameworks */,
				B08877A51DCB722E00741FAC /* CopyFiles */,
			);
			buildRules = (
			);
			dependencies = (
			);
			name = SvgToCoreGraphics;
			productName = SvgToCoreGraphics;
			productReference = B08877A71DCB722E00741FAC /* SvgToCoreGraphics */;
			productType = "com.apple.product-type.tool";
		};
/* End PBXNativeTarget section */

/* Begin PBXProject section */
		B088779F1DCB722E00741FAC /* Project object */ = {
			isa = PBXProject;
			attributes = {
				LastSwiftUpdateCheck = 0810;
				LastUpgradeCheck = 0810;
				ORGANIZATIONNAME = valentinradu;
				TargetAttributes = {
					B08877A61DCB722E00741FAC = {
						CreatedOnToolsVersion = 8.1;
						DevelopmentTeam = YEBVWK4Z2W;
						ProvisioningStyle = Automatic;
					};
				};
			};
			buildConfigurationList = B08877A21DCB722E00741FAC /* Build configuration list for PBXProject "SvgToCoreGraphics" */;
			compatibilityVersion = "Xcode 3.2";
			developmentRegion = English;
			hasScannedForEncodings = 0;
			knownRegions = (
				en,
			);
			mainGroup = B088779E1DCB722E00741FAC;
			productRefGroup = B08877A81DCB722E00741FAC /* Products */;
			projectDirPath = "";
			projectRoot = "";
			targets = (
				B08877A61DCB722E00741FAC /* SvgToCoreGraphics */,
			);
		};
/* End PBXProject section */

/* Begin PBXSourcesBuildPhase section */
		B08877A31DCB722E00741FAC /* Sources */ = {
			isa = PBXSourcesBuildPhase;
			buildActionMask = 2147483647;
			files = (
				B08877AB1DCB722E00741FAC /* main.swift in Sources */,
			);
			runOnlyForDeploymentPostprocessing = 0;
		};
/* End PBXSourcesBuildPhase section */

/* Begin XCBuildConfiguration section */
		B08877AC1DCB722E00741FAC /* Debug */ = {
			isa = XCBuildConfiguration;
			buildSettings = {
				ALWAYS_SEARCH_USER_PATHS = NO;
				CLANG_ANALYZER_NONNULL = YES;
				CLANG_CXX_LANGUAGE_STANDARD = "gnu++0x";
				CLANG_CXX_LIBRARY = "libc++";
				CLANG_ENABLE_MODULES = YES;
				CLANG_ENABLE_OBJC_ARC = YES;
				CLANG_WARN_BOOL_CONVERSION = YES;
				CLANG_WARN_CONSTANT_CONVERSION = YES;
				CLANG_WARN_DIRECT_OBJC_ISA_USAGE = YES_ERROR;
				CLANG_WARN_DOCUMENTATION_COMMENTS = YES;
				CLANG_WARN_EMPTY_BODY = YES;
				CLANG_WARN_ENUM_CONVERSION = YES;
				CLANG_WARN_INFINITE_RECURSION = YES;
				CLANG_WARN_INT_CONVERSION = YES;
				CLANG_WARN_OBJC_ROOT_CLASS = YES_ERROR;
				CLANG_WARN_SUSPICIOUS_MOVES = YES;
				CLANG_WARN_UNREACHABLE_CODE = YES;
				CLANG_WARN__DUPLICATE_METHOD_MATCH = YES;
				CODE_SIGN_IDENTITY = "-";
				COPY_PHASE_STRIP = NO;
				DEBUG_INFORMATION_FORMAT = dwarf;
				ENABLE_STRICT_OBJC_MSGSEND = YES;
				ENABLE_TESTABILITY = YES;
				GCC_C_LANGUAGE_STANDARD = gnu99;
				GCC_DYNAMIC_NO_PIC = NO;
				GCC_NO_COMMON_BLOCKS = YES;
				GCC_OPTIMIZATION_LEVEL = 0;
				GCC_PREPROCESSOR_DEFINITIONS = (
					"DEBUG=1",
					"$(inherited)",
				);
				GCC_WARN_64_TO_32_BIT_CONVERSION = YES;
				GCC_WARN_ABOUT_RETURN_TYPE = YES_ERROR;
				GCC_WARN_UNDECLARED_SELECTOR = YES;
				GCC_WARN_UNINITIALIZED_AUTOS = YES_AGGRESSIVE;
				GCC_WARN_UNUSED_FUNCTION = YES;
				GCC_WARN_UNUSED_VARIABLE = YES;
				MACOSX_DEPLOYMENT_TARGET = 10.12;
				MTL_ENABLE_DEBUG_INFO = YES;
				ONLY_ACTIVE_ARCH = YES;
				SDKROOT = macosx;
				SWIFT_OPTIMIZATION_LEVEL = "-Onone";
			};
			name = Debug;
		};
		B08877AD1DCB722E00741FAC /* Release */ = {
			isa = XCBuildConfiguration;
			buildSettings = {
				ALWAYS_SEARCH_USER_PATHS = NO;
				CLANG_ANALYZER_NONNULL = YES;
				CLANG_CXX_LANGUAGE_STANDARD = "gnu++0x";
				CLANG_CXX_LIBRARY = "libc++";
				CLANG_ENABLE_MODULES = YES;
				CLANG_ENABLE_OBJC_ARC = YES;
				CLANG_WARN_BOOL_CONVERSION = YES;
				CLANG_WARN_CONSTANT_CONVERSION = YES;
				CLANG_WARN_DIRECT_OBJC_ISA_USAGE = YES_ERROR;
				CLANG_WARN_DOCUMENTATION_COMMENTS = YES;
				CLANG_WARN_EMPTY_BODY = YES;
				CLANG_WARN_ENUM_CONVERSION = YES;
				CLANG_WARN_INFINITE_RECURSION = YES;
				CLANG_WARN_INT_CONVERSION = YES;
				CLANG_WARN_OBJC_ROOT_CLASS = YES_ERROR;
				CLANG_WARN_SUSPICIOUS_MOVES = YES;
				CLANG_WARN_UNREACHABLE_CODE = YES;
				CLANG_WARN__DUPLICATE_METHOD_MATCH = YES;
				CODE_SIGN_IDENTITY = "-";
				COPY_PHASE_STRIP = NO;
				DEBUG_INFORMATION_FORMAT = "dwarf-with-dsym";
				ENABLE_NS_ASSERTIONS = NO;
				ENABLE_STRICT_OBJC_MSGSEND = YES;
				GCC_C_LANGUAGE_STANDARD = gnu99;
				GCC_NO_COMMON_BLOCKS = YES;
				GCC_WARN_64_TO_32_BIT_CONVERSION = YES;
				GCC_WARN_ABOUT_RETURN_TYPE = YES_ERROR;
				GCC_WARN_UNDECLARED_SELECTOR = YES;
				GCC_WARN_UNINITIALIZED_AUTOS = YES_AGGRESSIVE;
				GCC_WARN_UNUSED_FUNCTION = YES;
				GCC_WARN_UNUSED_VARIABLE = YES;
				MACOSX_DEPLOYMENT_TARGET = 10.12;
				MTL_ENABLE_DEBUG_INFO = NO;
				SDKROOT = macosx;
			};
			name = Release;
		};
		B08877AF1DCB722E00741FAC /* Debug */ = {
			isa = XCBuildConfiguration;
			buildSettings = {
				CODE_SIGN_IDENTITY = "Mac Developer";
				DEVELOPMENT_TEAM = YEBVWK4Z2W;
				FRAMEWORK_SEARCH_PATHS = (
					"$(inherited)",
					"$(PROJECT_DIR)/Dependencies/PocketSVG/build/Debug",
					"$(PROJECT_DIR)/Dependencies/PocketSVG/build/Debug-iphoneos",
				);
				PRODUCT_NAME = "$(TARGET_NAME)";
				SWIFT_VERSION = 3.0;
			};
			name = Debug;
		};
		B08877B01DCB722E00741FAC /* Release */ = {
			isa = XCBuildConfiguration;
			buildSettings = {
				CODE_SIGN_IDENTITY = "Mac Developer";
				DEVELOPMENT_TEAM = YEBVWK4Z2W;
				FRAMEWORK_SEARCH_PATHS = (
					"$(inherited)",
					"$(PROJECT_DIR)/Dependencies/PocketSVG/build/Debug",
					"$(PROJECT_DIR)/Dependencies/PocketSVG/build/Debug-iphoneos",
				);
				PRODUCT_NAME = "$(TARGET_NAME)";
				SWIFT_VERSION = 3.0;
			};
			name = Release;
		};
/* End XCBuildConfiguration section */

/* Begin XCConfigurationList section */
		B08877A21DCB722E00741FAC /* Build configuration list for PBXProject "SvgToCoreGraphics" */ = {
			isa = XCConfigurationList;
			buildConfigurations = (
				B08877AC1DCB722E00741FAC /* Debug */,
				B08877AD1DCB722E00741FAC /* Release */,
			);
			defaultConfigurationIsVisible = 0;
			defaultConfigurationName = Release;
		};
		B08877AE1DCB722E00741FAC /* Build configuration list for PBXNativeTarget "SvgToCoreGraphics" */ = {
			isa = XCConfigurationList;
			buildConfigurations = (
				B08877AF1DCB722E00741FAC /* Debug */,
				B08877B01DCB722E00741FAC /* Release */,
			);
			defaultConfigurationIsVisible = 0;
			defaultConfigurationName = Release;
		};
/* End XCConfigurationList section */
	};
	rootObject = B088779F1DCB722E00741FAC /* Project object */;
}
